
Microsoft Visual Studio Solution File, Format Version 12.00
# Visual Studio Version 16
VisualStudioVersion = 16.0.29905.134
MinimumVisualStudioVersion = 10.0.40219.1
Project("{FAE04EC0-301F-11D3-BF4B-00C04F79EFBC}") = "WindowsFramelessTerminal", "WindowsFramelessTerminal\WindowsFramelessTerminal.csproj", "{B5E00FEF-E22E-4B57-A015-AE3D679AF509}"
EndProject
Global
	GlobalSection(SolutionConfigurationPlatforms) = preSolution
		Debug|Any CPU = Debug|Any CPU
		Release|Any CPU = Release|Any CPU
	EndGlobalSection
	GlobalSection(ProjectConfigurationPlatforms) = postSolution
		{B5E00FEF-E22E-4B57-A015-AE3D679AF509}.Debug|Any CPU.ActiveCfg = Debug|Any CPU
		{B5E00FEF-E22E-4B57-A015-AE3D679AF509}.Debug|Any CPU.Build.0 = Debug|Any CPU
		{B5E00FEF-E22E-4B57-A015-AE3D679AF509}.Release|Any CPU.ActiveCfg = Release|Any CPU
		{B5E00FEF-E22E-4B57-A015-AE3D679AF509}.Release|Any CPU.Build.0 = Release|Any CPU
	EndGlobalSection
	GlobalSection(SolutionProperties) = preSolution
		HideSolutionNode = FALSE
	EndGlobalSection
	GlobalSection(ExtensibilityGlobals) = postSolution
		SolutionGuid = {84F05668-B2C9-44FC-9454-2400B53F2DDA}
	EndGlobalSection
EndGlobal
